
Microsoft Visual Studio Solution File, Format Version 12.00
# Visual Studio Version 16
VisualStudioVersion = 16.0.29001.49
MinimumVisualStudioVersion = 10.0.40219.1
Project("{FAE04EC0-301F-11D3-BF4B-00C04F79EFBC}") = "SquidDraftLeague.Settings", "SquidDraftLeague.Settings\SquidDraftLeague.Settings.csproj", "{51FF206B-360F-450B-A361-DD9CEC272298}"
EndProject
Global
	GlobalSection(SolutionConfigurationPlatforms) = preSolution
		Debug|Any CPU = Debug|Any CPU
		Release|Any CPU = Release|Any CPU
	EndGlobalSection
	GlobalSection(ProjectConfigurationPlatforms) = postSolution
		{51FF206B-360F-450B-A361-DD9CEC272298}.Debug|Any CPU.ActiveCfg = Debug|Any CPU
		{51FF206B-360F-450B-A361-DD9CEC272298}.Debug|Any CPU.Build.0 = Debug|Any CPU
		{51FF206B-360F-450B-A361-DD9CEC272298}.Release|Any CPU.ActiveCfg = Release|Any CPU
		{51FF206B-360F-450B-A361-DD9CEC272298}.Release|Any CPU.Build.0 = Release|Any CPU
	EndGlobalSection
	GlobalSection(SolutionProperties) = preSolution
		HideSolutionNode = FALSE
	EndGlobalSection
	GlobalSection(ExtensibilityGlobals) = postSolution
		SolutionGuid = {41F796D3-27E6-4E59-BE6E-327D7AB26280}
	EndGlobalSection
EndGlobal
